{
  "name": "installeriza",
  "version": "1.0.9",
  "lockfileVersion": 1,
  "requires": true,
  "dependencies": {
    "dargs": {
      "version": "4.1.0",
      "resolved": "https://registry.npmjs.org/dargs/-/dargs-4.1.0.tgz",
      "integrity": "sha1-A6nbtLXC8Tm/FK5T8LiipqhvThc=",
      "requires": {
        "number-is-nan": "^1.0.0"
      }
    },
    "number-is-nan": {
      "version": "1.0.1",
      "resolved": "https://registry.npmjs.org/number-is-nan/-/number-is-nan-1.0.1.tgz",
      "integrity": "sha1-CXtgK1NCKlIsGvuHkDGDNpQaAR0="
    },
    "spawn-npm-install": {
      "version": "1.2.0",
      "resolved": "https://registry.npmjs.org/spawn-npm-install/-/spawn-npm-install-1.2.0.tgz",
      "integrity": "sha1-2gTHyHs/arT0lgXYv1F4vtJJEh8=",
      "requires": {
        "dargs": "^4.0.0"
      }
    }
  }
}
